<?xml version="1.0" encoding="utf-8"?>
<Project ToolsVersion="4.0" xmlns="http://schemas.microsoft.com/developer/msbuild/2003">
  <ItemGroup>
    <Filter Include="Source Files">
      <UniqueIdentifier>{4FC737F1-C7A5-4376-A066-2A32D752A2FF}</UniqueIdentifier>
      <Extensions>cpp;c;cc;cxx;def;odl;idl;hpj;bat;asm;asmx</Extensions>
    </Filter>
    <Filter Include="Header Files">
      <UniqueIdentifier>{93995380-89BD-4b04-88EB-625FBE52EBFB}</UniqueIdentifier>
      <Extensions>h;hpp;hxx;hm;inl;inc;xsd</Extensions>
    </Filter>
    <Filter Include="Resource Files">
      <UniqueIdentifier>{67DA6AB6-F800-4c08-8B7A-83BB121AAD01}</UniqueIdentifier>
      <Extensions>rc;ico;cur;bmp;dlg;rc2;rct;bin;rgs;gif;jpg;jpeg;jpe;resx;tiff;tif;png;wav;mfcribbon-ms</Extensions>
    </Filter>
  </ItemGroup>
  <ItemGroup>
    <ClCompile Include="src\Derai.cpp">
      <Filter>Source Files</Filter>
    </ClCompile>
    <ClCompile Include="src\Level.cpp">
      <Filter>Source Files</Filter>
    </ClCompile>
    <ClCompile Include="src\Player.cpp">
      <Filter>Source Files</Filter>
    </ClCompile>
    <ClCompile Include="engine\src\LXCamera.cpp">
      <Filter>Source Files</Filter>
    </ClCompile>
    <ClCompile Include="engine\src\LXEntity.cpp">
      <Filter>Source Files</Filter>
    </ClCompile>
    <ClCompile Include="engine\src\LXFace.cpp">
      <Filter>Source Files</Filter>
    </ClCompile>
    <ClCompile Include="engine\src\LXGame.cpp">
      <Filter>Source Files</Filter>
    </ClCompile>
    <ClCompile Include="engine\src\LXGameState.cpp">
      <Filter>Source Files</Filter>
    </ClCompile>
    <ClCompile Include="engine\src\LXGlut.cpp">
      <Filter>Source Files</Filter>
    </ClCompile>
    <ClCompile Include="engine\src\LXInput.cpp">
      <Filter>Source Files</Filter>
    </ClCompile>
    <ClCompile Include="engine\src\LXLockableTarget.cpp">
      <Filter>Source Files</Filter>
    </ClCompile>
    <ClCompile Include="engine\src\LXMatrix3D.cpp">
      <Filter>Source Files</Filter>
    </ClCompile>
    <ClCompile Include="engine\src\LXMesh.cpp">
      <Filter>Source Files</Filter>
    </ClCompile>
    <ClCompile Include="engine\src\LXPoint3D.cpp">
      <Filter>Source Files</Filter>
    </ClCompile>
    <ClCompile Include="engine\src\LXShader.cpp">
      <Filter>Source Files</Filter>
    </ClCompile>
    <ClCompile Include="engine\src\LXTexture.cpp">
      <Filter>Source Files</Filter>
    </ClCompile>
    <ClCompile Include="engine\src\LXTextureLoader.cpp">
      <Filter>Source Files</Filter>
    </ClCompile>
    <ClCompile Include="engine\src\LXTexturePPM.cpp">
      <Filter>Source Files</Filter>
    </ClCompile>
    <ClCompile Include="engine\src\LXTextureTGA.cpp">
      <Filter>Source Files</Filter>
    </ClCompile>
    <ClCompile Include="engine\src\LXUtils.cpp">
      <Filter>Source Files</Filter>
    </ClCompile>
    <ClCompile Include="main.cpp">
      <Filter>Source Files</Filter>
    </ClCompile>
  </ItemGroup>
  <ItemGroup>
    <ClInclude Include="src\Derai.h">
      <Filter>Header Files</Filter>
    </ClInclude>
    <ClInclude Include="src\Level.h">
      <Filter>Header Files</Filter>
    </ClInclude>
    <ClInclude Include="src\Player.h">
      <Filter>Header Files</Filter>
    </ClInclude>
    <ClInclude Include="engine\src\LXCamera.h">
      <Filter>Header Files</Filter>
    </ClInclude>
    <ClInclude Include="engine\src\LXEntity.h">
      <Filter>Header Files</Filter>
    </ClInclude>
    <ClInclude Include="engine\src\LXFace.h">
      <Filter>Header Files</Filter>
    </ClInclude>
    <ClInclude Include="engine\src\LXGame.h">
      <Filter>Header Files</Filter>
    </ClInclude>
    <ClInclude Include="engine\src\LXGameState.h">
      <Filter>Header Files</Filter>
    </ClInclude>
    <ClInclude Include="engine\src\LXGlut.h">
      <Filter>Header Files</Filter>
    </ClInclude>
    <ClInclude Include="engine\src\LXInput.h">
      <Filter>Header Files</Filter>
    </ClInclude>
    <ClInclude Include="engine\src\LXLockableTarget.h">
      <Filter>Header Files</Filter>
    </ClInclude>
    <ClInclude Include="engine\src\LXMatrix3D.h">
      <Filter>Header Files</Filter>
    </ClInclude>
    <ClInclude Include="engine\src\LXMesh.h">
      <Filter>Header Files</Filter>
    </ClInclude>
    <ClInclude Include="engine\src\LXPoint3D.h">
      <Filter>Header Files</Filter>
    </ClInclude>
    <ClInclude Include="engine\src\LXShader.h">
      <Filter>Header Files</Filter>
    </ClInclude>
    <ClInclude Include="engine\src\LXTexture.h">
      <Filter>Header Files</Filter>
    </ClInclude>
    <ClInclude Include="engine\src\LXTextureLoader.h">
      <Filter>Header Files</Filter>
    </ClInclude>
    <ClInclude Include="engine\src\LXTexturePPM.h">
      <Filter>Header Files</Filter>
    </ClInclude>
    <ClInclude Include="engine\src\LXTextureTGA.h">
      <Filter>Header Files</Filter>
    </ClInclude>
    <ClInclude Include="engine\src\LXUtils.h">
      <Filter>Header Files</Filter>
    </ClInclude>
  </ItemGroup>
</Project>