<?xml version="1.0" encoding="utf-8"?>
<Project ToolsVersion="4.0" xmlns="http://schemas.microsoft.com/developer/msbuild/2003">
  <ItemGroup>
    <Filter Include="Resource Files">
      <UniqueIdentifier>{67DA6AB6-F800-4c08-8B7A-83BB121AAD01}</UniqueIdentifier>
      <Extensions>rc;ico;cur;bmp;dlg;rc2;rct;bin;rgs;gif;jpg;jpeg;jpe;resx;tiff;tif;png;wav;mfcribbon-ms</Extensions>
    </Filter>
    <Filter Include="engine">
      <UniqueIdentifier>{c6e1dc5a-af2c-454c-b69e-cec351095e48}</UniqueIdentifier>
    </Filter>
    <Filter Include="engine\Headers">
      <UniqueIdentifier>{f863d3d9-f94c-4a2a-b41c-01a9f49f2da8}</UniqueIdentifier>
    </Filter>
    <Filter Include="engine\Sources">
      <UniqueIdentifier>{7b9f51e3-0382-4881-aa14-0e267b962600}</UniqueIdentifier>
    </Filter>
    <Filter Include="game">
      <UniqueIdentifier>{6c0c5cd5-1c44-41fe-a04e-21dfd2f9931e}</UniqueIdentifier>
    </Filter>
    <Filter Include="game\Sources">
      <UniqueIdentifier>{0adcc28f-9287-4e20-b5aa-060990a09db0}</UniqueIdentifier>
    </Filter>
    <Filter Include="game\Headers">
      <UniqueIdentifier>{a8bfa30e-666f-4d39-be23-981ddb6f5134}</UniqueIdentifier>
    </Filter>
  </ItemGroup>
  <ItemGroup>
    <ClCompile Include="main.cpp" />
    <ClCompile Include="engine\src\Camera.cpp">
      <Filter>engine\Sources</Filter>
    </ClCompile>
    <ClCompile Include="engine\src\Entity.cpp">
      <Filter>engine\Sources</Filter>
    </ClCompile>
    <ClCompile Include="engine\src\Face.cpp">
      <Filter>engine\Sources</Filter>
    </ClCompile>
    <ClCompile Include="engine\src\Game.cpp">
      <Filter>engine\Sources</Filter>
    </ClCompile>
    <ClCompile Include="engine\src\GameState.cpp">
      <Filter>engine\Sources</Filter>
    </ClCompile>
    <ClCompile Include="engine\src\Glut.cpp">
      <Filter>engine\Sources</Filter>
    </ClCompile>
    <ClCompile Include="engine\src\Input.cpp">
      <Filter>engine\Sources</Filter>
    </ClCompile>
    <ClCompile Include="engine\src\LockableTarget.cpp">
      <Filter>engine\Sources</Filter>
    </ClCompile>
    <ClCompile Include="engine\src\Matrix3D.cpp">
      <Filter>engine\Sources</Filter>
    </ClCompile>
    <ClCompile Include="engine\src\Mesh.cpp">
      <Filter>engine\Sources</Filter>
    </ClCompile>
    <ClCompile Include="engine\src\Shader.cpp">
      <Filter>engine\Sources</Filter>
    </ClCompile>
    <ClCompile Include="engine\src\Texture.cpp">
      <Filter>engine\Sources</Filter>
    </ClCompile>
    <ClCompile Include="engine\src\TextureLoader.cpp">
      <Filter>engine\Sources</Filter>
    </ClCompile>
    <ClCompile Include="engine\src\TexturePPM.cpp">
      <Filter>engine\Sources</Filter>
    </ClCompile>
    <ClCompile Include="engine\src\TextureTGA.cpp">
      <Filter>engine\Sources</Filter>
    </ClCompile>
    <ClCompile Include="engine\src\Utils.cpp">
      <Filter>engine\Sources</Filter>
    </ClCompile>
    <ClCompile Include="src\Derai.cpp">
      <Filter>game\Sources</Filter>
    </ClCompile>
    <ClCompile Include="src\Level.cpp">
      <Filter>game\Sources</Filter>
    </ClCompile>
    <ClCompile Include="src\Player.cpp">
      <Filter>game\Sources</Filter>
    </ClCompile>
  </ItemGroup>
  <ItemGroup>
    <ClInclude Include="engine\src\Camera.h">
      <Filter>engine\Headers</Filter>
    </ClInclude>
    <ClInclude Include="engine\src\Entity.h">
      <Filter>engine\Headers</Filter>
    </ClInclude>
    <ClInclude Include="engine\src\Face.h">
      <Filter>engine\Headers</Filter>
    </ClInclude>
    <ClInclude Include="engine\src\Game.h">
      <Filter>engine\Headers</Filter>
    </ClInclude>
    <ClInclude Include="engine\src\GameState.h">
      <Filter>engine\Headers</Filter>
    </ClInclude>
    <ClInclude Include="engine\src\Glut.h">
      <Filter>engine\Headers</Filter>
    </ClInclude>
    <ClInclude Include="engine\src\Input.h">
      <Filter>engine\Headers</Filter>
    </ClInclude>
    <ClInclude Include="engine\src\LockableTarget.h">
      <Filter>engine\Headers</Filter>
    </ClInclude>
    <ClInclude Include="engine\src\Matrix3D.h">
      <Filter>engine\Headers</Filter>
    </ClInclude>
    <ClInclude Include="engine\src\Mesh.h">
      <Filter>engine\Headers</Filter>
    </ClInclude>
    <ClInclude Include="engine\src\Shader.h">
      <Filter>engine\Headers</Filter>
    </ClInclude>
    <ClInclude Include="engine\src\Texture.h">
      <Filter>engine\Headers</Filter>
    </ClInclude>
    <ClInclude Include="engine\src\TextureLoader.h">
      <Filter>engine\Headers</Filter>
    </ClInclude>
    <ClInclude Include="engine\src\TexturePPM.h">
      <Filter>engine\Headers</Filter>
    </ClInclude>
    <ClInclude Include="engine\src\TextureTGA.h">
      <Filter>engine\Headers</Filter>
    </ClInclude>
    <ClInclude Include="engine\src\Utils.h">
      <Filter>engine\Headers</Filter>
    </ClInclude>
    <ClInclude Include="engine\src\Vector.h">
      <Filter>engine\Headers</Filter>
    </ClInclude>
    <ClInclude Include="engine\src\Vector2.h">
      <Filter>engine\Headers</Filter>
    </ClInclude>
    <ClInclude Include="engine\src\Vector3.h">
      <Filter>engine\Headers</Filter>
    </ClInclude>
    <ClInclude Include="engine\src\Vector4.h">
      <Filter>engine\Headers</Filter>
    </ClInclude>
    <ClInclude Include="src\Derai.h">
      <Filter>game\Headers</Filter>
    </ClInclude>
    <ClInclude Include="src\Level.h">
      <Filter>game\Headers</Filter>
    </ClInclude>
    <ClInclude Include="src\Player.h">
      <Filter>game\Headers</Filter>
    </ClInclude>
  </ItemGroup>
</Project>