// !$*UTF8*$!
{
	archiveVersion = 1;
	classes = {
	};
	objectVersion = 46;
	objects = {

/* Begin PBXBuildFile section */
		F20408341833704100997BA2 /* Vector2.cpp in Sources */ = {isa = PBXBuildFile; fileRef = F20408321833704100997BA2 /* Vector2.cpp */; };
		F2A5AFE816FFB52E002FDD12 /* Derai.cpp in Sources */ = {isa = PBXBuildFile; fileRef = F2A5AFAF16FFB47F002FDD12 /* Derai.cpp */; };
		F2A5AFEA16FFB52E002FDD12 /* Level.cpp in Sources */ = {isa = PBXBuildFile; fileRef = F2A5AFB116FFB47F002FDD12 /* Level.cpp */; };
		F2A5AFEC16FFB52E002FDD12 /* Player.cpp in Sources */ = {isa = PBXBuildFile; fileRef = F2A5AFB316FFB47F002FDD12 /* Player.cpp */; };
		F2A5AFEE16FFB52E002FDD12 /* Camera.cpp in Sources */ = {isa = PBXBuildFile; fileRef = F2A5AFB516FFB48D002FDD12 /* Camera.cpp */; };
		F2A5AFF016FFB52E002FDD12 /* Entity.cpp in Sources */ = {isa = PBXBuildFile; fileRef = F2A5AFB716FFB48D002FDD12 /* Entity.cpp */; };
		F2A5AFF216FFB52E002FDD12 /* Face.cpp in Sources */ = {isa = PBXBuildFile; fileRef = F2A5AFB916FFB48D002FDD12 /* Face.cpp */; };
		F2A5AFF416FFB52E002FDD12 /* Game.cpp in Sources */ = {isa = PBXBuildFile; fileRef = F2A5AFBB16FFB48D002FDD12 /* Game.cpp */; };
		F2A5AFF616FFB52E002FDD12 /* GameState.cpp in Sources */ = {isa = PBXBuildFile; fileRef = F2A5AFBD16FFB48D002FDD12 /* GameState.cpp */; };
		F2A5AFF816FFB52E002FDD12 /* Glut.cpp in Sources */ = {isa = PBXBuildFile; fileRef = F2A5AFBF16FFB48D002FDD12 /* Glut.cpp */; };
		F2A5AFFA16FFB52E002FDD12 /* Input.cpp in Sources */ = {isa = PBXBuildFile; fileRef = F2A5AFC116FFB48D002FDD12 /* Input.cpp */; };
		F2A5AFFC16FFB52E002FDD12 /* LockableTarget.cpp in Sources */ = {isa = PBXBuildFile; fileRef = F2A5AFC316FFB48D002FDD12 /* LockableTarget.cpp */; };
		F2A5AFFE16FFB52E002FDD12 /* Matrix3D.cpp in Sources */ = {isa = PBXBuildFile; fileRef = F2A5AFC516FFB48D002FDD12 /* Matrix3D.cpp */; };
		F2A5B00016FFB52E002FDD12 /* Mesh.cpp in Sources */ = {isa = PBXBuildFile; fileRef = F2A5AFC716FFB48D002FDD12 /* Mesh.cpp */; };
		F2A5B00216FFB52E002FDD12 /* Vector3.cpp in Sources */ = {isa = PBXBuildFile; fileRef = F2A5AFC916FFB48D002FDD12 /* Vector3.cpp */; };
		F2A5B00416FFB52E002FDD12 /* Shader.cpp in Sources */ = {isa = PBXBuildFile; fileRef = F2A5AFCB16FFB48D002FDD12 /* Shader.cpp */; };
		F2A5B00616FFB52E002FDD12 /* Texture.cpp in Sources */ = {isa = PBXBuildFile; fileRef = F2A5AFCD16FFB48D002FDD12 /* Texture.cpp */; };
		F2A5B00816FFB52E002FDD12 /* TextureLoader.cpp in Sources */ = {isa = PBXBuildFile; fileRef = F2A5AFCF16FFB48D002FDD12 /* TextureLoader.cpp */; };
		F2A5B00A16FFB52E002FDD12 /* TexturePPM.cpp in Sources */ = {isa = PBXBuildFile; fileRef = F2A5AFD116FFB48D002FDD12 /* TexturePPM.cpp */; };
		F2A5B00C16FFB52E002FDD12 /* TextureTGA.cpp in Sources */ = {isa = PBXBuildFile; fileRef = F2A5AFD316FFB48D002FDD12 /* TextureTGA.cpp */; };
		F2A5B00E16FFB52E002FDD12 /* Utils.cpp in Sources */ = {isa = PBXBuildFile; fileRef = F2A5AFD516FFB48D002FDD12 /* Utils.cpp */; };
		F2A5B01116FFB537002FDD12 /* OpenGL.framework in Frameworks */ = {isa = PBXBuildFile; fileRef = F2A5B01016FFB537002FDD12 /* OpenGL.framework */; };
		F2A5B01316FFB53F002FDD12 /* GLUT.framework in Frameworks */ = {isa = PBXBuildFile; fileRef = F2A5B01216FFB53F002FDD12 /* GLUT.framework */; };
		F2A5B04716FFC085002FDD12 /* floortile.ppm in CopyFiles */ = {isa = PBXBuildFile; fileRef = F2A5B03C16FFC06B002FDD12 /* floortile.ppm */; };
		F2A5B04816FFC085002FDD12 /* floortile.tga in CopyFiles */ = {isa = PBXBuildFile; fileRef = F2A5B03D16FFC06B002FDD12 /* floortile.tga */; };
		F2A5B04A16FFC1AF002FDD12 /* diffuseLighting.fsh in CopyFiles */ = {isa = PBXBuildFile; fileRef = F2A5B03E16FFC07E002FDD12 /* diffuseLighting.fsh */; };
		F2A5B04B16FFC1AF002FDD12 /* diffuseLighting.vsh in CopyFiles */ = {isa = PBXBuildFile; fileRef = F2A5B03F16FFC07E002FDD12 /* diffuseLighting.vsh */; };
		F2A5B04C16FFC1AF002FDD12 /* diffuseTextureLighting.fsh in CopyFiles */ = {isa = PBXBuildFile; fileRef = F2A5B04016FFC07E002FDD12 /* diffuseTextureLighting.fsh */; };
		F2AE905116FFC46600B80EF0 /* main.cpp in Sources */ = {isa = PBXBuildFile; fileRef = F2AE905016FFC46600B80EF0 /* main.cpp */; };
/* End PBXBuildFile section */

/* Begin PBXCopyFilesBuildPhase section */
		F2A5AFDC16FFB515002FDD12 /* CopyFiles */ = {
			isa = PBXCopyFilesBuildPhase;
			buildActionMask = 12;
			dstPath = assets/textures;
			dstSubfolderSpec = 16;
			files = (
				F2A5B04716FFC085002FDD12 /* floortile.ppm in CopyFiles */,
				F2A5B04816FFC085002FDD12 /* floortile.tga in CopyFiles */,
			);
			runOnlyForDeploymentPostprocessing = 0;
		};
		F2A5B04916FFC181002FDD12 /* CopyFiles */ = {
			isa = PBXCopyFilesBuildPhase;
			buildActionMask = 2147483647;
			dstPath = engine/assets/shaders;
			dstSubfolderSpec = 7;
			files = (
				F2A5B04A16FFC1AF002FDD12 /* diffuseLighting.fsh in CopyFiles */,
				F2A5B04B16FFC1AF002FDD12 /* diffuseLighting.vsh in CopyFiles */,
				F2A5B04C16FFC1AF002FDD12 /* diffuseTextureLighting.fsh in CopyFiles */,
			);
			runOnlyForDeploymentPostprocessing = 0;
		};
/* End PBXCopyFilesBuildPhase section */

/* Begin PBXFileReference section */
		F20408321833704100997BA2 /* Vector2.cpp */ = {isa = PBXFileReference; fileEncoding = 4; lastKnownFileType = sourcecode.cpp.cpp; name = Vector2.cpp; path = engine/src/Vector2.cpp; sourceTree = "<group>"; };
		F20408331833704100997BA2 /* Vector2.h */ = {isa = PBXFileReference; fileEncoding = 4; lastKnownFileType = sourcecode.c.h; name = Vector2.h; path = engine/src/Vector2.h; sourceTree = "<group>"; };
		F2A5AFAF16FFB47F002FDD12 /* Derai.cpp */ = {isa = PBXFileReference; lastKnownFileType = sourcecode.cpp.cpp; name = Derai.cpp; path = src/Derai.cpp; sourceTree = "<group>"; };
		F2A5AFB016FFB47F002FDD12 /* Derai.h */ = {isa = PBXFileReference; lastKnownFileType = sourcecode.c.h; name = Derai.h; path = src/Derai.h; sourceTree = "<group>"; };
		F2A5AFB116FFB47F002FDD12 /* Level.cpp */ = {isa = PBXFileReference; lastKnownFileType = sourcecode.cpp.cpp; name = Level.cpp; path = src/Level.cpp; sourceTree = "<group>"; };
		F2A5AFB216FFB47F002FDD12 /* Level.h */ = {isa = PBXFileReference; lastKnownFileType = sourcecode.c.h; name = Level.h; path = src/Level.h; sourceTree = "<group>"; };
		F2A5AFB316FFB47F002FDD12 /* Player.cpp */ = {isa = PBXFileReference; lastKnownFileType = sourcecode.cpp.cpp; name = Player.cpp; path = src/Player.cpp; sourceTree = "<group>"; };
		F2A5AFB416FFB47F002FDD12 /* Player.h */ = {isa = PBXFileReference; lastKnownFileType = sourcecode.c.h; name = Player.h; path = src/Player.h; sourceTree = "<group>"; };
		F2A5AFB516FFB48D002FDD12 /* Camera.cpp */ = {isa = PBXFileReference; lastKnownFileType = sourcecode.cpp.cpp; name = Camera.cpp; path = engine/src/Camera.cpp; sourceTree = "<group>"; };
		F2A5AFB616FFB48D002FDD12 /* Camera.h */ = {isa = PBXFileReference; lastKnownFileType = sourcecode.c.h; name = Camera.h; path = engine/src/Camera.h; sourceTree = "<group>"; };
		F2A5AFB716FFB48D002FDD12 /* Entity.cpp */ = {isa = PBXFileReference; lastKnownFileType = sourcecode.cpp.cpp; name = Entity.cpp; path = engine/src/Entity.cpp; sourceTree = "<group>"; };
		F2A5AFB816FFB48D002FDD12 /* Entity.h */ = {isa = PBXFileReference; lastKnownFileType = sourcecode.c.h; name = Entity.h; path = engine/src/Entity.h; sourceTree = "<group>"; };
		F2A5AFB916FFB48D002FDD12 /* Face.cpp */ = {isa = PBXFileReference; lastKnownFileType = sourcecode.cpp.cpp; name = Face.cpp; path = engine/src/Face.cpp; sourceTree = "<group>"; };
		F2A5AFBA16FFB48D002FDD12 /* Face.h */ = {isa = PBXFileReference; lastKnownFileType = sourcecode.c.h; name = Face.h; path = engine/src/Face.h; sourceTree = "<group>"; };
		F2A5AFBB16FFB48D002FDD12 /* Game.cpp */ = {isa = PBXFileReference; lastKnownFileType = sourcecode.cpp.cpp; name = Game.cpp; path = engine/src/Game.cpp; sourceTree = "<group>"; };
		F2A5AFBC16FFB48D002FDD12 /* Game.h */ = {isa = PBXFileReference; lastKnownFileType = sourcecode.c.h; name = Game.h; path = engine/src/Game.h; sourceTree = "<group>"; };
		F2A5AFBD16FFB48D002FDD12 /* GameState.cpp */ = {isa = PBXFileReference; lastKnownFileType = sourcecode.cpp.cpp; name = GameState.cpp; path = engine/src/GameState.cpp; sourceTree = "<group>"; };
		F2A5AFBE16FFB48D002FDD12 /* GameState.h */ = {isa = PBXFileReference; lastKnownFileType = sourcecode.c.h; name = GameState.h; path = engine/src/GameState.h; sourceTree = "<group>"; };
		F2A5AFBF16FFB48D002FDD12 /* Glut.cpp */ = {isa = PBXFileReference; lastKnownFileType = sourcecode.cpp.cpp; name = Glut.cpp; path = engine/src/Glut.cpp; sourceTree = "<group>"; };
		F2A5AFC016FFB48D002FDD12 /* Glut.h */ = {isa = PBXFileReference; lastKnownFileType = sourcecode.c.h; name = Glut.h; path = engine/src/Glut.h; sourceTree = "<group>"; };
		F2A5AFC116FFB48D002FDD12 /* Input.cpp */ = {isa = PBXFileReference; lastKnownFileType = sourcecode.cpp.cpp; name = Input.cpp; path = engine/src/Input.cpp; sourceTree = "<group>"; };
		F2A5AFC216FFB48D002FDD12 /* Input.h */ = {isa = PBXFileReference; lastKnownFileType = sourcecode.c.h; name = Input.h; path = engine/src/Input.h; sourceTree = "<group>"; };
		F2A5AFC316FFB48D002FDD12 /* LockableTarget.cpp */ = {isa = PBXFileReference; lastKnownFileType = sourcecode.cpp.cpp; name = LockableTarget.cpp; path = engine/src/LockableTarget.cpp; sourceTree = "<group>"; };
		F2A5AFC416FFB48D002FDD12 /* LockableTarget.h */ = {isa = PBXFileReference; lastKnownFileType = sourcecode.c.h; name = LockableTarget.h; path = engine/src/LockableTarget.h; sourceTree = "<group>"; };
		F2A5AFC516FFB48D002FDD12 /* Matrix3D.cpp */ = {isa = PBXFileReference; lastKnownFileType = sourcecode.cpp.cpp; name = Matrix3D.cpp; path = engine/src/Matrix3D.cpp; sourceTree = "<group>"; };
		F2A5AFC616FFB48D002FDD12 /* Matrix3D.h */ = {isa = PBXFileReference; lastKnownFileType = sourcecode.c.h; name = Matrix3D.h; path = engine/src/Matrix3D.h; sourceTree = "<group>"; };
		F2A5AFC716FFB48D002FDD12 /* Mesh.cpp */ = {isa = PBXFileReference; lastKnownFileType = sourcecode.cpp.cpp; name = Mesh.cpp; path = engine/src/Mesh.cpp; sourceTree = "<group>"; };
		F2A5AFC816FFB48D002FDD12 /* Mesh.h */ = {isa = PBXFileReference; lastKnownFileType = sourcecode.c.h; name = Mesh.h; path = engine/src/Mesh.h; sourceTree = "<group>"; };
		F2A5AFC916FFB48D002FDD12 /* Vector3.cpp */ = {isa = PBXFileReference; lastKnownFileType = sourcecode.cpp.cpp; name = Vector3.cpp; path = engine/src/Vector3.cpp; sourceTree = "<group>"; };
		F2A5AFCA16FFB48D002FDD12 /* Vector3.h */ = {isa = PBXFileReference; lastKnownFileType = sourcecode.c.h; name = Vector3.h; path = engine/src/Vector3.h; sourceTree = "<group>"; };
		F2A5AFCB16FFB48D002FDD12 /* Shader.cpp */ = {isa = PBXFileReference; lastKnownFileType = sourcecode.cpp.cpp; name = Shader.cpp; path = engine/src/Shader.cpp; sourceTree = "<group>"; };
		F2A5AFCC16FFB48D002FDD12 /* Shader.h */ = {isa = PBXFileReference; lastKnownFileType = sourcecode.c.h; name = Shader.h; path = engine/src/Shader.h; sourceTree = "<group>"; };
		F2A5AFCD16FFB48D002FDD12 /* Texture.cpp */ = {isa = PBXFileReference; lastKnownFileType = sourcecode.cpp.cpp; name = Texture.cpp; path = engine/src/Texture.cpp; sourceTree = "<group>"; };
		F2A5AFCE16FFB48D002FDD12 /* Texture.h */ = {isa = PBXFileReference; lastKnownFileType = sourcecode.c.h; name = Texture.h; path = engine/src/Texture.h; sourceTree = "<group>"; };
		F2A5AFCF16FFB48D002FDD12 /* TextureLoader.cpp */ = {isa = PBXFileReference; lastKnownFileType = sourcecode.cpp.cpp; name = TextureLoader.cpp; path = engine/src/TextureLoader.cpp; sourceTree = "<group>"; };
		F2A5AFD016FFB48D002FDD12 /* TextureLoader.h */ = {isa = PBXFileReference; lastKnownFileType = sourcecode.c.h; name = TextureLoader.h; path = engine/src/TextureLoader.h; sourceTree = "<group>"; };
		F2A5AFD116FFB48D002FDD12 /* TexturePPM.cpp */ = {isa = PBXFileReference; lastKnownFileType = sourcecode.cpp.cpp; name = TexturePPM.cpp; path = engine/src/TexturePPM.cpp; sourceTree = "<group>"; };
		F2A5AFD216FFB48D002FDD12 /* TexturePPM.h */ = {isa = PBXFileReference; lastKnownFileType = sourcecode.c.h; name = TexturePPM.h; path = engine/src/TexturePPM.h; sourceTree = "<group>"; };
		F2A5AFD316FFB48D002FDD12 /* TextureTGA.cpp */ = {isa = PBXFileReference; lastKnownFileType = sourcecode.cpp.cpp; name = TextureTGA.cpp; path = engine/src/TextureTGA.cpp; sourceTree = "<group>"; };
		F2A5AFD416FFB48D002FDD12 /* TextureTGA.h */ = {isa = PBXFileReference; lastKnownFileType = sourcecode.c.h; name = TextureTGA.h; path = engine/src/TextureTGA.h; sourceTree = "<group>"; };
		F2A5AFD516FFB48D002FDD12 /* Utils.cpp */ = {isa = PBXFileReference; lastKnownFileType = sourcecode.cpp.cpp; name = Utils.cpp; path = engine/src/Utils.cpp; sourceTree = "<group>"; };
		F2A5AFD616FFB48D002FDD12 /* Utils.h */ = {isa = PBXFileReference; lastKnownFileType = sourcecode.c.h; name = Utils.h; path = engine/src/Utils.h; sourceTree = "<group>"; };
		F2A5AFDE16FFB515002FDD12 /* hulombus */ = {isa = PBXFileReference; explicitFileType = "compiled.mach-o.executable"; includeInIndex = 0; path = hulombus; sourceTree = BUILT_PRODUCTS_DIR; };
		F2A5B01016FFB537002FDD12 /* OpenGL.framework */ = {isa = PBXFileReference; lastKnownFileType = wrapper.framework; name = OpenGL.framework; path = Platforms/MacOSX.platform/Developer/SDKs/MacOSX10.8.sdk/System/Library/Frameworks/OpenGL.framework; sourceTree = DEVELOPER_DIR; };
		F2A5B01216FFB53F002FDD12 /* GLUT.framework */ = {isa = PBXFileReference; lastKnownFileType = wrapper.framework; name = GLUT.framework; path = Platforms/MacOSX.platform/Developer/SDKs/MacOSX10.8.sdk/System/Library/Frameworks/GLUT.framework; sourceTree = DEVELOPER_DIR; };
		F2A5B03C16FFC06B002FDD12 /* floortile.ppm */ = {isa = PBXFileReference; lastKnownFileType = file; name = floortile.ppm; path = assets/textures/floortile.ppm; sourceTree = "<group>"; };
		F2A5B03D16FFC06B002FDD12 /* floortile.tga */ = {isa = PBXFileReference; lastKnownFileType = file; name = floortile.tga; path = assets/textures/floortile.tga; sourceTree = "<group>"; };
		F2A5B03E16FFC07E002FDD12 /* diffuseLighting.fsh */ = {isa = PBXFileReference; fileEncoding = 4; lastKnownFileType = sourcecode.glsl; name = diffuseLighting.fsh; path = engine/assets/shaders/diffuseLighting.fsh; sourceTree = "<group>"; };
		F2A5B03F16FFC07E002FDD12 /* diffuseLighting.vsh */ = {isa = PBXFileReference; fileEncoding = 4; lastKnownFileType = sourcecode.glsl; name = diffuseLighting.vsh; path = engine/assets/shaders/diffuseLighting.vsh; sourceTree = "<group>"; };
		F2A5B04016FFC07E002FDD12 /* diffuseTextureLighting.fsh */ = {isa = PBXFileReference; fileEncoding = 4; lastKnownFileType = sourcecode.glsl; name = diffuseTextureLighting.fsh; path = engine/assets/shaders/diffuseTextureLighting.fsh; sourceTree = "<group>"; };
		F2AE905016FFC46600B80EF0 /* main.cpp */ = {isa = PBXFileReference; fileEncoding = 4; lastKnownFileType = sourcecode.cpp.cpp; path = main.cpp; sourceTree = SOURCE_ROOT; };
/* End PBXFileReference section */

/* Begin PBXFrameworksBuildPhase section */
		F2A5AFDB16FFB515002FDD12 /* Frameworks */ = {
			isa = PBXFrameworksBuildPhase;
			buildActionMask = 2147483647;
			files = (
				F2A5B01316FFB53F002FDD12 /* GLUT.framework in Frameworks */,
				F2A5B01116FFB537002FDD12 /* OpenGL.framework in Frameworks */,
			);
			runOnlyForDeploymentPostprocessing = 0;
		};
/* End PBXFrameworksBuildPhase section */

/* Begin PBXGroup section */
		F253158617057B5000A01240 /* Game */ = {
			isa = PBXGroup;
			children = (
				F2A5AFB716FFB48D002FDD12 /* Entity.cpp */,
				F2A5AFB816FFB48D002FDD12 /* Entity.h */,
				F2A5AFBB16FFB48D002FDD12 /* Game.cpp */,
				F2A5AFBC16FFB48D002FDD12 /* Game.h */,
				F2A5AFBD16FFB48D002FDD12 /* GameState.cpp */,
				F2A5AFBE16FFB48D002FDD12 /* GameState.h */,
			);
			name = Game;
			sourceTree = "<group>";
		};
		F253158717057B6C00A01240 /* Math */ = {
			isa = PBXGroup;
			children = (
				F20408321833704100997BA2 /* Vector2.cpp */,
				F20408331833704100997BA2 /* Vector2.h */,
				F2A5AFC516FFB48D002FDD12 /* Matrix3D.cpp */,
				F2A5AFC616FFB48D002FDD12 /* Matrix3D.h */,
				F2A5AFC916FFB48D002FDD12 /* Vector3.cpp */,
				F2A5AFCA16FFB48D002FDD12 /* Vector3.h */,
			);
			name = Math;
			sourceTree = "<group>";
		};
		F253158817057B8800A01240 /* Glut */ = {
			isa = PBXGroup;
			children = (
				F2A5AFD516FFB48D002FDD12 /* Utils.cpp */,
				F2A5AFD616FFB48D002FDD12 /* Utils.h */,
				F2A5AFBF16FFB48D002FDD12 /* Glut.cpp */,
				F2A5AFC016FFB48D002FDD12 /* Glut.h */,
				F2A5AFC116FFB48D002FDD12 /* Input.cpp */,
				F2A5AFC216FFB48D002FDD12 /* Input.h */,
			);
			name = Glut;
			sourceTree = "<group>";
		};
		F253158917057BAB00A01240 /* Model */ = {
			isa = PBXGroup;
			children = (
				F2A5AFC716FFB48D002FDD12 /* Mesh.cpp */,
				F2A5AFC816FFB48D002FDD12 /* Mesh.h */,
				F2A5AFB916FFB48D002FDD12 /* Face.cpp */,
				F2A5AFBA16FFB48D002FDD12 /* Face.h */,
			);
			name = Model;
			sourceTree = "<group>";
		};
		F253158A17057BDA00A01240 /* Textures */ = {
			isa = PBXGroup;
			children = (
				F2A5AFCB16FFB48D002FDD12 /* Shader.cpp */,
				F2A5AFCC16FFB48D002FDD12 /* Shader.h */,
				F2A5AFCD16FFB48D002FDD12 /* Texture.cpp */,
				F2A5AFCE16FFB48D002FDD12 /* Texture.h */,
				F2A5AFCF16FFB48D002FDD12 /* TextureLoader.cpp */,
				F2A5AFD016FFB48D002FDD12 /* TextureLoader.h */,
				F2A5AFD116FFB48D002FDD12 /* TexturePPM.cpp */,
				F2A5AFD216FFB48D002FDD12 /* TexturePPM.h */,
				F2A5AFD316FFB48D002FDD12 /* TextureTGA.cpp */,
				F2A5AFD416FFB48D002FDD12 /* TextureTGA.h */,
			);
			name = Textures;
			sourceTree = "<group>";
		};
		F253158B17057BF600A01240 /* Camera */ = {
			isa = PBXGroup;
			children = (
				F2A5AFB516FFB48D002FDD12 /* Camera.cpp */,
				F2A5AFB616FFB48D002FDD12 /* Camera.h */,
				F2A5AFC316FFB48D002FDD12 /* LockableTarget.cpp */,
				F2A5AFC416FFB48D002FDD12 /* LockableTarget.h */,
			);
			name = Camera;
			sourceTree = "<group>";
		};
		F279336516FFB43900A788E6 = {
			isa = PBXGroup;
			children = (
				F2A5AFD716FFB496002FDD12 /* Engine */,
				F2A5AFD816FFB4B7002FDD12 /* Game */,
				F2A5AFE016FFB515002FDD12 /* hulombus */,
				F2A5B02316FFBD79002FDD12 /* Resources */,
				F2A5B01416FFB579002FDD12 /* Frameworks */,
				F2A5AFDF16FFB515002FDD12 /* Products */,
			);
			sourceTree = "<group>";
		};
		F2A5AFD716FFB496002FDD12 /* Engine */ = {
			isa = PBXGroup;
			children = (
				F253158717057B6C00A01240 /* Math */,
				F253158817057B8800A01240 /* Glut */,
				F253158A17057BDA00A01240 /* Textures */,
				F253158B17057BF600A01240 /* Camera */,
				F253158917057BAB00A01240 /* Model */,
				F253158617057B5000A01240 /* Game */,
			);
			name = Engine;
			sourceTree = "<group>";
		};
		F2A5AFD816FFB4B7002FDD12 /* Game */ = {
			isa = PBXGroup;
			children = (
				F2A5AFAF16FFB47F002FDD12 /* Derai.cpp */,
				F2A5AFB016FFB47F002FDD12 /* Derai.h */,
				F2A5AFB116FFB47F002FDD12 /* Level.cpp */,
				F2A5AFB216FFB47F002FDD12 /* Level.h */,
				F2A5AFB316FFB47F002FDD12 /* Player.cpp */,
				F2A5AFB416FFB47F002FDD12 /* Player.h */,
			);
			name = Game;
			sourceTree = "<group>";
		};
		F2A5AFDF16FFB515002FDD12 /* Products */ = {
			isa = PBXGroup;
			children = (
				F2A5AFDE16FFB515002FDD12 /* hulombus */,
			);
			name = Products;
			sourceTree = "<group>";
		};
		F2A5AFE016FFB515002FDD12 /* hulombus */ = {
			isa = PBXGroup;
			children = (
				F2AE905016FFC46600B80EF0 /* main.cpp */,
			);
			path = hulombus;
			sourceTree = "<group>";
		};
		F2A5B01416FFB579002FDD12 /* Frameworks */ = {
			isa = PBXGroup;
			children = (
				F2A5B01216FFB53F002FDD12 /* GLUT.framework */,
				F2A5B01016FFB537002FDD12 /* OpenGL.framework */,
			);
			name = Frameworks;
			sourceTree = "<group>";
		};
		F2A5B02316FFBD79002FDD12 /* Resources */ = {
			isa = PBXGroup;
			children = (
				F2A5B05016FFC2E8002FDD12 /* Shaders */,
				F2A5B05116FFC2F2002FDD12 /* Textures */,
			);
			name = Resources;
			sourceTree = "<group>";
		};
		F2A5B05016FFC2E8002FDD12 /* Shaders */ = {
			isa = PBXGroup;
			children = (
				F2A5B03E16FFC07E002FDD12 /* diffuseLighting.fsh */,
				F2A5B03F16FFC07E002FDD12 /* diffuseLighting.vsh */,
				F2A5B04016FFC07E002FDD12 /* diffuseTextureLighting.fsh */,
			);
			name = Shaders;
			sourceTree = "<group>";
		};
		F2A5B05116FFC2F2002FDD12 /* Textures */ = {
			isa = PBXGroup;
			children = (
				F2A5B03C16FFC06B002FDD12 /* floortile.ppm */,
				F2A5B03D16FFC06B002FDD12 /* floortile.tga */,
			);
			name = Textures;
			sourceTree = "<group>";
		};
/* End PBXGroup section */

/* Begin PBXNativeTarget section */
		F2A5AFDD16FFB515002FDD12 /* hulombus */ = {
			isa = PBXNativeTarget;
			buildConfigurationList = F2A5AFE516FFB516002FDD12 /* Build configuration list for PBXNativeTarget "hulombus" */;
			buildPhases = (
				F2A5AFDA16FFB515002FDD12 /* Sources */,
				F2A5AFDB16FFB515002FDD12 /* Frameworks */,
				F2A5B04916FFC181002FDD12 /* CopyFiles */,
				F2A5AFDC16FFB515002FDD12 /* CopyFiles */,
			);
			buildRules = (
			);
			dependencies = (
			);
			name = hulombus;
			productName = hulombus;
			productReference = F2A5AFDE16FFB515002FDD12 /* hulombus */;
			productType = "com.apple.product-type.tool";
		};
/* End PBXNativeTarget section */

/* Begin PBXProject section */
		F279336616FFB43900A788E6 /* Project object */ = {
			isa = PBXProject;
			attributes = {
				LastUpgradeCheck = 0460;
			};
			buildConfigurationList = F279336916FFB43900A788E6 /* Build configuration list for PBXProject "Hulombus" */;
			compatibilityVersion = "Xcode 3.2";
			developmentRegion = English;
			hasScannedForEncodings = 0;
			knownRegions = (
				en,
			);
			mainGroup = F279336516FFB43900A788E6;
			productRefGroup = F2A5AFDF16FFB515002FDD12 /* Products */;
			projectDirPath = "";
			projectRoot = "";
			targets = (
				F2A5AFDD16FFB515002FDD12 /* hulombus */,
			);
		};
/* End PBXProject section */

/* Begin PBXSourcesBuildPhase section */
		F2A5AFDA16FFB515002FDD12 /* Sources */ = {
			isa = PBXSourcesBuildPhase;
			buildActionMask = 2147483647;
			files = (
				F2A5AFE816FFB52E002FDD12 /* Derai.cpp in Sources */,
				F2A5AFEA16FFB52E002FDD12 /* Level.cpp in Sources */,
				F2A5AFEC16FFB52E002FDD12 /* Player.cpp in Sources */,
				F2A5AFEE16FFB52E002FDD12 /* Camera.cpp in Sources */,
				F2A5AFF016FFB52E002FDD12 /* Entity.cpp in Sources */,
				F2A5AFF216FFB52E002FDD12 /* Face.cpp in Sources */,
				F2A5AFF416FFB52E002FDD12 /* Game.cpp in Sources */,
				F2A5AFF616FFB52E002FDD12 /* GameState.cpp in Sources */,
				F2A5AFF816FFB52E002FDD12 /* Glut.cpp in Sources */,
				F2A5AFFA16FFB52E002FDD12 /* Input.cpp in Sources */,
				F2A5AFFC16FFB52E002FDD12 /* LockableTarget.cpp in Sources */,
				F2A5AFFE16FFB52E002FDD12 /* Matrix3D.cpp in Sources */,
				F2A5B00016FFB52E002FDD12 /* Mesh.cpp in Sources */,
				F20408341833704100997BA2 /* Vector2.cpp in Sources */,
				F2A5B00216FFB52E002FDD12 /* Vector3.cpp in Sources */,
				F2A5B00416FFB52E002FDD12 /* Shader.cpp in Sources */,
				F2A5B00616FFB52E002FDD12 /* Texture.cpp in Sources */,
				F2A5B00816FFB52E002FDD12 /* TextureLoader.cpp in Sources */,
				F2A5B00A16FFB52E002FDD12 /* TexturePPM.cpp in Sources */,
				F2A5B00C16FFB52E002FDD12 /* TextureTGA.cpp in Sources */,
				F2A5B00E16FFB52E002FDD12 /* Utils.cpp in Sources */,
				F2AE905116FFC46600B80EF0 /* main.cpp in Sources */,
			);
			runOnlyForDeploymentPostprocessing = 0;
		};
/* End PBXSourcesBuildPhase section */

/* Begin XCBuildConfiguration section */
		F279336A16FFB43900A788E6 /* Debug */ = {
			isa = XCBuildConfiguration;
			buildSettings = {
				LIBRARY_SEARCH_PATHS = "";
				USER_HEADER_SEARCH_PATHS = "";
			};
			name = Debug;
		};
		F279336B16FFB43900A788E6 /* Release */ = {
			isa = XCBuildConfiguration;
			buildSettings = {
				LIBRARY_SEARCH_PATHS = "";
				USER_HEADER_SEARCH_PATHS = "";
			};
			name = Release;
		};
		F2A5AFE616FFB516002FDD12 /* Debug */ = {
			isa = XCBuildConfiguration;
			buildSettings = {
				ALWAYS_SEARCH_USER_PATHS = YES;
				ARCHS = "$(ARCHS_STANDARD_64_BIT)";
				CLANG_CXX_LANGUAGE_STANDARD = "gnu++0x";
				CLANG_CXX_LIBRARY = "libc++";
				CLANG_WARN_CONSTANT_CONVERSION = YES;
				CLANG_WARN_EMPTY_BODY = YES;
				CLANG_WARN_ENUM_CONVERSION = YES;
				CLANG_WARN_INT_CONVERSION = YES;
				CLANG_WARN__DUPLICATE_METHOD_MATCH = YES;
				COPY_PHASE_STRIP = NO;
				GCC_C_LANGUAGE_STANDARD = gnu99;
				GCC_DYNAMIC_NO_PIC = NO;
				GCC_ENABLE_OBJC_EXCEPTIONS = YES;
				GCC_OPTIMIZATION_LEVEL = 0;
				GCC_PREPROCESSOR_DEFINITIONS = (
					"DEBUG=1",
					"$(inherited)",
				);
				GCC_SYMBOLS_PRIVATE_EXTERN = NO;
				GCC_WARN_64_TO_32_BIT_CONVERSION = YES;
				GCC_WARN_ABOUT_RETURN_TYPE = YES;
				GCC_WARN_UNINITIALIZED_AUTOS = YES;
				GCC_WARN_UNUSED_VARIABLE = YES;
				LIBRARY_SEARCH_PATHS = (
					/usr/lib/,
					/usr/local/lib,
				);
				MACOSX_DEPLOYMENT_TARGET = 10.8;
				ONLY_ACTIVE_ARCH = YES;
				OTHER_LDFLAGS = "-lGLEW";
				PRODUCT_NAME = "$(TARGET_NAME)";
				SDKROOT = macosx;
				USER_HEADER_SEARCH_PATHS = "/usr/include/ /usr/local/include";
			};
			name = Debug;
		};
		F2A5AFE716FFB516002FDD12 /* Release */ = {
			isa = XCBuildConfiguration;
			buildSettings = {
				ALWAYS_SEARCH_USER_PATHS = YES;
				ARCHS = "$(ARCHS_STANDARD_64_BIT)";
				CLANG_CXX_LANGUAGE_STANDARD = "gnu++0x";
				CLANG_CXX_LIBRARY = "libc++";
				CLANG_WARN_CONSTANT_CONVERSION = YES;
				CLANG_WARN_EMPTY_BODY = YES;
				CLANG_WARN_ENUM_CONVERSION = YES;
				CLANG_WARN_INT_CONVERSION = YES;
				CLANG_WARN__DUPLICATE_METHOD_MATCH = YES;
				COPY_PHASE_STRIP = YES;
				DEBUG_INFORMATION_FORMAT = "dwarf-with-dsym";
				GCC_C_LANGUAGE_STANDARD = gnu99;
				GCC_ENABLE_OBJC_EXCEPTIONS = YES;
				GCC_WARN_64_TO_32_BIT_CONVERSION = YES;
				GCC_WARN_ABOUT_RETURN_TYPE = YES;
				GCC_WARN_UNINITIALIZED_AUTOS = YES;
				GCC_WARN_UNUSED_VARIABLE = YES;
				LIBRARY_SEARCH_PATHS = (
					/usr/lib/,
					/usr/local/lib,
				);
				MACOSX_DEPLOYMENT_TARGET = 10.8;
				ONLY_ACTIVE_ARCH = YES;
				OTHER_LDFLAGS = "-lGLEW";
				PRODUCT_NAME = "$(TARGET_NAME)";
				SDKROOT = macosx;
				USER_HEADER_SEARCH_PATHS = "/usr/include/ /usr/local/include";
			};
			name = Release;
		};
/* End XCBuildConfiguration section */

/* Begin XCConfigurationList section */
		F279336916FFB43900A788E6 /* Build configuration list for PBXProject "Hulombus" */ = {
			isa = XCConfigurationList;
			buildConfigurations = (
				F279336A16FFB43900A788E6 /* Debug */,
				F279336B16FFB43900A788E6 /* Release */,
			);
			defaultConfigurationIsVisible = 0;
			defaultConfigurationName = Release;
		};
		F2A5AFE516FFB516002FDD12 /* Build configuration list for PBXNativeTarget "hulombus" */ = {
			isa = XCConfigurationList;
			buildConfigurations = (
				F2A5AFE616FFB516002FDD12 /* Debug */,
				F2A5AFE716FFB516002FDD12 /* Release */,
			);
			defaultConfigurationIsVisible = 0;
			defaultConfigurationName = Release;
		};
/* End XCConfigurationList section */
	};
	rootObject = F279336616FFB43900A788E6 /* Project object */;
}
